PODS:
  - Capacitor (7.0.1):
    - CapacitorCordova
  - CapacitorCommunityFacebookLogin (7.0.0):
    - Capacitor
    - FBSDKCoreKit (= 17.4.0)
    - FBSDKLoginKit (= 17.4.0)
  - CapacitorCordova (7.0.1)
  - FBAEMKit (17.4.0):
    - FBSDKCoreKit_Basics (= 17.4.0)
  - FBSDKCoreKit (17.4.0):
    - FBAEMKit (= 17.4.0)
    - FBSDKCoreKit_Basics (= 17.4.0)
  - FBSDKCoreKit_Basics (17.4.0)
  - FBSDKLoginKit (17.4.0):
    - FBSDKCoreKit (= 17.4.0)

DEPENDENCIES:
  - "Capacitor (from `../../node_modules/@capacitor/ios`)"
  - CapacitorCommunityFacebookLogin (from `../../../..`)
  - "CapacitorCordova (from `../../node_modules/@capacitor/ios`)"
  - FBSDKCoreKit

SPEC REPOS:
  trunk:
    - FBAEMKit
    - FBSDKCoreKit
    - FBSDKCoreKit_Basics
    - FBSDKLoginKit

EXTERNAL SOURCES:
  Capacitor:
    :path: "../../node_modules/@capacitor/ios"
  CapacitorCommunityFacebookLogin:
    :path: "../../../.."
  CapacitorCordova:
    :path: "../../node_modules/@capacitor/ios"

SPEC CHECKSUMS:
  Capacitor: 23fff43571a4d1e3ee7d67b5a3588c6e757c2913
  CapacitorCommunityFacebookLogin: d509d10f51c6458a3d200ad5c7e87f5f8164b685
  CapacitorCordova: 63d476958d5022d76f197031e8b7ea3519988c64
  FBAEMKit: 58cb5f302cdd715a56d4c1d0dfdd2e423ac1421a
  FBSDKCoreKit: 94d7461d0cecf441b1ba7c41acfff41daa8ccd41
  FBSDKCoreKit_Basics: 151b43db8b834d3f0e02f95d36a44ffd36265e45
  FBSDKLoginKit: 5c1cd53c91a2282b3a4fe6e6d3dcf2b8b0d33d55

PODFILE CHECKSUM: c442633d9a3c8fa0f60599d23053cae28138606d

COCOAPODS: 1.15.2
